
Microsoft Visual Studio Solution File, Format Version 12.00
# Visual Studio Version 16
VisualStudioVersion = 16.0.29324.140
MinimumVisualStudioVersion = 10.0.40219.1
Project("{FAE04EC0-301F-11D3-BF4B-00C04F79EFBC}") = "NorthwindWithMVVM", "NorthwindWithMVVM\NorthwindWithMVVM.csproj", "{C927E9F3-DB6A-44EA-9397-E4389E5919EB}"
EndProject
Project("{FAE04EC0-301F-11D3-BF4B-00C04F79EFBC}") = "NorthwindDbLib", "NorthwindDbLib\NorthwindDbLib.csproj", "{1E6932EE-4AE5-4BA7-A631-C754AC9FCEF1}"
EndProject
Project("{FAE04EC0-301F-11D3-BF4B-00C04F79EFBC}") = "OrderViewModelLib", "OrderViewModelLib\OrderViewModelLib.csproj", "{40E970DA-25FF-4783-8B15-8FBF9E5123C8}"
EndProject
Project("{FAE04EC0-301F-11D3-BF4B-00C04F79EFBC}") = "MVVM.Tools", "MVVM.Tools\MVVM.Tools\MVVM.Tools.csproj", "{98D33B68-EAD1-4280-99D7-B9BC03DAD05E}"
EndProject
Global
	GlobalSection(SolutionConfigurationPlatforms) = preSolution
		Debug|Any CPU = Debug|Any CPU
		Release|Any CPU = Release|Any CPU
	EndGlobalSection
	GlobalSection(ProjectConfigurationPlatforms) = postSolution
		{C927E9F3-DB6A-44EA-9397-E4389E5919EB}.Debug|Any CPU.ActiveCfg = Debug|Any CPU
		{C927E9F3-DB6A-44EA-9397-E4389E5919EB}.Debug|Any CPU.Build.0 = Debug|Any CPU
		{C927E9F3-DB6A-44EA-9397-E4389E5919EB}.Release|Any CPU.ActiveCfg = Release|Any CPU
		{C927E9F3-DB6A-44EA-9397-E4389E5919EB}.Release|Any CPU.Build.0 = Release|Any CPU
		{1E6932EE-4AE5-4BA7-A631-C754AC9FCEF1}.Debug|Any CPU.ActiveCfg = Debug|Any CPU
		{1E6932EE-4AE5-4BA7-A631-C754AC9FCEF1}.Debug|Any CPU.Build.0 = Debug|Any CPU
		{1E6932EE-4AE5-4BA7-A631-C754AC9FCEF1}.Release|Any CPU.ActiveCfg = Release|Any CPU
		{1E6932EE-4AE5-4BA7-A631-C754AC9FCEF1}.Release|Any CPU.Build.0 = Release|Any CPU
		{40E970DA-25FF-4783-8B15-8FBF9E5123C8}.Debug|Any CPU.ActiveCfg = Debug|Any CPU
		{40E970DA-25FF-4783-8B15-8FBF9E5123C8}.Debug|Any CPU.Build.0 = Debug|Any CPU
		{40E970DA-25FF-4783-8B15-8FBF9E5123C8}.Release|Any CPU.ActiveCfg = Release|Any CPU
		{40E970DA-25FF-4783-8B15-8FBF9E5123C8}.Release|Any CPU.Build.0 = Release|Any CPU
		{98D33B68-EAD1-4280-99D7-B9BC03DAD05E}.Debug|Any CPU.ActiveCfg = Debug|Any CPU
		{98D33B68-EAD1-4280-99D7-B9BC03DAD05E}.Debug|Any CPU.Build.0 = Debug|Any CPU
		{98D33B68-EAD1-4280-99D7-B9BC03DAD05E}.Release|Any CPU.ActiveCfg = Release|Any CPU
		{98D33B68-EAD1-4280-99D7-B9BC03DAD05E}.Release|Any CPU.Build.0 = Release|Any CPU
	EndGlobalSection
	GlobalSection(SolutionProperties) = preSolution
		HideSolutionNode = FALSE
	EndGlobalSection
	GlobalSection(ExtensibilityGlobals) = postSolution
		SolutionGuid = {F6654A8A-916F-47D2-874A-5676EB1BC3B1}
	EndGlobalSection
EndGlobal
